
Microsoft Visual Studio Solution File, Format Version 12.00
# Visual Studio 15
Project("{2150E333-8FDC-42A3-9474-1A3956D46DE8}") = "Solution Item", "Solution Item", "{51FEDC36-A2F8-438B-A69D-DE8342E18CC4}"
EndProject
Project("{2150E333-8FDC-42A3-9474-1A3956D46DE8}") = "src", "src", "{B5E2A8B4-9008-476D-B690-A7EDB3C3E8AF}"
EndProject
Project("{2150E333-8FDC-42A3-9474-1A3956D46DE8}") = "test", "test", "{145DE32F-36D5-429C-A4D6-23AD973EB5FB}"
EndProject
Project("{FAE04EC0-301F-11D3-BF4B-00C04F79EFBC}") = "Web", "..\..\..\Projects\HereIAmLord\Web\Web.csproj", "{6BC90FB1-FA2E-45AF-AFA3-92E6C3AE0597}"
EndProject
Global
	GlobalSection(SolutionConfigurationPlatforms) = preSolution
		Debug|Any CPU = Debug|Any CPU
		Release|Any CPU = Release|Any CPU
	EndGlobalSection
	GlobalSection(ProjectConfigurationPlatforms) = postSolution
		{6BC90FB1-FA2E-45AF-AFA3-92E6C3AE0597}.Debug|Any CPU.ActiveCfg = Debug|Any CPU
		{6BC90FB1-FA2E-45AF-AFA3-92E6C3AE0597}.Debug|Any CPU.Build.0 = Debug|Any CPU
		{6BC90FB1-FA2E-45AF-AFA3-92E6C3AE0597}.Release|Any CPU.ActiveCfg = Release|Any CPU
		{6BC90FB1-FA2E-45AF-AFA3-92E6C3AE0597}.Release|Any CPU.Build.0 = Release|Any CPU
	EndGlobalSection
	GlobalSection(NestedProjects) = preSolution
		{6BC90FB1-FA2E-45AF-AFA3-92E6C3AE0597} = {B5E2A8B4-9008-476D-B690-A7EDB3C3E8AF}
	EndGlobalSection
EndGlobal
